
Microsoft Visual Studio Solution File, Format Version 12.00
# Visual Studio 2012
Project("{FAE04EC0-301F-11D3-BF4B-00C04F79EFBC}") = "ShapeCalculator", "ShapeCalculator\ShapeCalculator.csproj", "{B349E967-7A7E-452A-BF09-AC2F0C019C2D}"
EndProject
Project("{FAE04EC0-301F-11D3-BF4B-00C04F79EFBC}") = "Calculator", "..\Calculator\Calculator\Calculator.csproj", "{967784A7-6316-44EE-BDAB-A90CD85C9CF7}"
EndProject
Global
	GlobalSection(SolutionConfigurationPlatforms) = preSolution
		Debug|x86 = Debug|x86
		Release|x86 = Release|x86
	EndGlobalSection
	GlobalSection(ProjectConfigurationPlatforms) = postSolution
		{B349E967-7A7E-452A-BF09-AC2F0C019C2D}.Debug|x86.ActiveCfg = Debug|x86
		{B349E967-7A7E-452A-BF09-AC2F0C019C2D}.Debug|x86.Build.0 = Debug|x86
		{B349E967-7A7E-452A-BF09-AC2F0C019C2D}.Release|x86.ActiveCfg = Release|x86
		{B349E967-7A7E-452A-BF09-AC2F0C019C2D}.Release|x86.Build.0 = Release|x86
		{967784A7-6316-44EE-BDAB-A90CD85C9CF7}.Debug|x86.ActiveCfg = Debug|x86
		{967784A7-6316-44EE-BDAB-A90CD85C9CF7}.Debug|x86.Build.0 = Debug|x86
		{967784A7-6316-44EE-BDAB-A90CD85C9CF7}.Release|x86.ActiveCfg = Release|x86
		{967784A7-6316-44EE-BDAB-A90CD85C9CF7}.Release|x86.Build.0 = Release|x86
	EndGlobalSection
EndGlobal
